// !$*UTF8*$!
{
	archiveVersion = 1;
	classes = {
	};
	objectVersion = 55;
	objects = {

/* Begin PBXBuildFile section */
		4132CA8029AB0C70008F3B28 /* VolumeInfo.swift in Sources */ = {isa = PBXBuildFile; fileRef = 4132CA7F29AB0C70008F3B28 /* VolumeInfo.swift */; };
		4132CA8229AB0CAB008F3B28 /* ImageLinks.swift in Sources */ = {isa = PBXBuildFile; fileRef = 4132CA8129AB0CAB008F3B28 /* ImageLinks.swift */; };
		4132CA8429AB0CC4008F3B28 /* Items.swift in Sources */ = {isa = PBXBuildFile; fileRef = 4132CA8329AB0CC4008F3B28 /* Items.swift */; };
		4132CA8629AB0CCC008F3B28 /* BookBaseModel.swift in Sources */ = {isa = PBXBuildFile; fileRef = 4132CA8529AB0CCC008F3B28 /* BookBaseModel.swift */; };
		4132CA8929AB1773008F3B28 /* BookDetail+CoreDataClass.swift in Sources */ = {isa = PBXBuildFile; fileRef = 4132CA8729AB1773008F3B28 /* BookDetail+CoreDataClass.swift */; };
		4132CA8A29AB1773008F3B28 /* BookDetail+CoreDataProperties.swift in Sources */ = {isa = PBXBuildFile; fileRef = 4132CA8829AB1773008F3B28 /* BookDetail+CoreDataProperties.swift */; };
		4132CA8D29AB1BAF008F3B28 /* BookCell.swift in Sources */ = {isa = PBXBuildFile; fileRef = 4132CA8C29AB1BAF008F3B28 /* BookCell.swift */; };
		4132CA8F29AB24F9008F3B28 /* NetworkManager.swift in Sources */ = {isa = PBXBuildFile; fileRef = 4132CA8E29AB24F9008F3B28 /* NetworkManager.swift */; };
		414DAF6829AA451400CE8C4A /* AppDelegate.swift in Sources */ = {isa = PBXBuildFile; fileRef = 414DAF6729AA451400CE8C4A /* AppDelegate.swift */; };
		414DAF6A29AA451400CE8C4A /* SceneDelegate.swift in Sources */ = {isa = PBXBuildFile; fileRef = 414DAF6929AA451400CE8C4A /* SceneDelegate.swift */; };
		414DAF6C29AA451400CE8C4A /* BookListView.swift in Sources */ = {isa = PBXBuildFile; fileRef = 414DAF6B29AA451400CE8C4A /* BookListView.swift */; };
		414DAF6F29AA451400CE8C4A /* Main.storyboard in Resources */ = {isa = PBXBuildFile; fileRef = 414DAF6D29AA451400CE8C4A /* Main.storyboard */; };
		414DAF7229AA451400CE8C4A /* Gbooks.xcdatamodeld in Sources */ = {isa = PBXBuildFile; fileRef = 414DAF7029AA451400CE8C4A /* Gbooks.xcdatamodeld */; };
		414DAF7429AA451800CE8C4A /* Assets.xcassets in Resources */ = {isa = PBXBuildFile; fileRef = 414DAF7329AA451800CE8C4A /* Assets.xcassets */; };
		414DAF7729AA451800CE8C4A /* LaunchScreen.storyboard in Resources */ = {isa = PBXBuildFile; fileRef = 414DAF7529AA451800CE8C4A /* LaunchScreen.storyboard */; };
		4167526C29AB405B00786517 /* DictionaryExtension.swift in Sources */ = {isa = PBXBuildFile; fileRef = 4167526B29AB405B00786517 /* DictionaryExtension.swift */; };
		4167526E29AB49EC00786517 /* DBHelper.swift in Sources */ = {isa = PBXBuildFile; fileRef = 4167526D29AB49EC00786517 /* DBHelper.swift */; };
		4167527029AB648100786517 /* BookDetailVC.swift in Sources */ = {isa = PBXBuildFile; fileRef = 4167526F29AB648100786517 /* BookDetailVC.swift */; };
		4167527229AB6B1900786517 /* HtmlAdder.swift in Sources */ = {isa = PBXBuildFile; fileRef = 4167527129AB6B1900786517 /* HtmlAdder.swift */; };
		4A41CA1E87CB91C0B675B8E6 /* Pods_Gbooks.framework in Frameworks */ = {isa = PBXBuildFile; fileRef = 0BB66C204CEAFCA169050EEE /* Pods_Gbooks.framework */; };
/* End PBXBuildFile section */

/* Begin PBXFileReference section */
		0BB66C204CEAFCA169050EEE /* Pods_Gbooks.framework */ = {isa = PBXFileReference; explicitFileType = wrapper.framework; includeInIndex = 0; path = Pods_Gbooks.framework; sourceTree = BUILT_PRODUCTS_DIR; };
		4132CA7F29AB0C70008F3B28 /* VolumeInfo.swift */ = {isa = PBXFileReference; fileEncoding = 4; lastKnownFileType = sourcecode.swift; path = VolumeInfo.swift; sourceTree = "<group>"; };
		4132CA8129AB0CAB008F3B28 /* ImageLinks.swift */ = {isa = PBXFileReference; fileEncoding = 4; lastKnownFileType = sourcecode.swift; path = ImageLinks.swift; sourceTree = "<group>"; };
		4132CA8329AB0CC4008F3B28 /* Items.swift */ = {isa = PBXFileReference; fileEncoding = 4; lastKnownFileType = sourcecode.swift; path = Items.swift; sourceTree = "<group>"; };
		4132CA8529AB0CCC008F3B28 /* BookBaseModel.swift */ = {isa = PBXFileReference; fileEncoding = 4; lastKnownFileType = sourcecode.swift; path = BookBaseModel.swift; sourceTree = "<group>"; };
		4132CA8729AB1773008F3B28 /* BookDetail+CoreDataClass.swift */ = {isa = PBXFileReference; lastKnownFileType = sourcecode.swift; path = "BookDetail+CoreDataClass.swift"; sourceTree = "<group>"; };
		4132CA8829AB1773008F3B28 /* BookDetail+CoreDataProperties.swift */ = {isa = PBXFileReference; lastKnownFileType = sourcecode.swift; path = "BookDetail+CoreDataProperties.swift"; sourceTree = "<group>"; };
		4132CA8C29AB1BAF008F3B28 /* BookCell.swift */ = {isa = PBXFileReference; lastKnownFileType = sourcecode.swift; path = BookCell.swift; sourceTree = "<group>"; };
		4132CA8E29AB24F9008F3B28 /* NetworkManager.swift */ = {isa = PBXFileReference; lastKnownFileType = sourcecode.swift; path = NetworkManager.swift; sourceTree = "<group>"; };
		414DAF6429AA451400CE8C4A /* Gbooks.app */ = {isa = PBXFileReference; explicitFileType = wrapper.application; includeInIndex = 0; path = Gbooks.app; sourceTree = BUILT_PRODUCTS_DIR; };
		414DAF6729AA451400CE8C4A /* AppDelegate.swift */ = {isa = PBXFileReference; lastKnownFileType = sourcecode.swift; path = AppDelegate.swift; sourceTree = "<group>"; };
		414DAF6929AA451400CE8C4A /* SceneDelegate.swift */ = {isa = PBXFileReference; lastKnownFileType = sourcecode.swift; path = SceneDelegate.swift; sourceTree = "<group>"; };
		414DAF6B29AA451400CE8C4A /* BookListView.swift */ = {isa = PBXFileReference; lastKnownFileType = sourcecode.swift; path = BookListView.swift; sourceTree = "<group>"; };
		414DAF6E29AA451400CE8C4A /* Base */ = {isa = PBXFileReference; lastKnownFileType = file.storyboard; name = Base; path = Base.lproj/Main.storyboard; sourceTree = "<group>"; };
		414DAF7129AA451400CE8C4A /* Gbooks.xcdatamodel */ = {isa = PBXFileReference; lastKnownFileType = wrapper.xcdatamodel; path = Gbooks.xcdatamodel; sourceTree = "<group>"; };
		414DAF7329AA451800CE8C4A /* Assets.xcassets */ = {isa = PBXFileReference; lastKnownFileType = folder.assetcatalog; path = Assets.xcassets; sourceTree = "<group>"; };
		414DAF7629AA451800CE8C4A /* Base */ = {isa = PBXFileReference; lastKnownFileType = file.storyboard; name = Base; path = Base.lproj/LaunchScreen.storyboard; sourceTree = "<group>"; };
		414DAF7829AA451800CE8C4A /* Info.plist */ = {isa = PBXFileReference; lastKnownFileType = text.plist.xml; path = Info.plist; sourceTree = "<group>"; };
		4167526B29AB405B00786517 /* DictionaryExtension.swift */ = {isa = PBXFileReference; fileEncoding = 4; lastKnownFileType = sourcecode.swift; path = DictionaryExtension.swift; sourceTree = "<group>"; };
		4167526D29AB49EC00786517 /* DBHelper.swift */ = {isa = PBXFileReference; lastKnownFileType = sourcecode.swift; path = DBHelper.swift; sourceTree = "<group>"; };
		4167526F29AB648100786517 /* BookDetailVC.swift */ = {isa = PBXFileReference; lastKnownFileType = sourcecode.swift; path = BookDetailVC.swift; sourceTree = "<group>"; };
		4167527129AB6B1900786517 /* HtmlAdder.swift */ = {isa = PBXFileReference; fileEncoding = 4; lastKnownFileType = sourcecode.swift; path = HtmlAdder.swift; sourceTree = "<group>"; };
		D13F9BFA00AF0527DFF69171 /* Pods-Gbooks.release.xcconfig */ = {isa = PBXFileReference; includeInIndex = 1; lastKnownFileType = text.xcconfig; name = "Pods-Gbooks.release.xcconfig"; path = "Target Support Files/Pods-Gbooks/Pods-Gbooks.release.xcconfig"; sourceTree = "<group>"; };
		D17BC7F6B707BBD5CE5B2FAC /* Pods-Gbooks.debug.xcconfig */ = {isa = PBXFileReference; includeInIndex = 1; lastKnownFileType = text.xcconfig; name = "Pods-Gbooks.debug.xcconfig"; path = "Target Support Files/Pods-Gbooks/Pods-Gbooks.debug.xcconfig"; sourceTree = "<group>"; };
/* End PBXFileReference section */

/* Begin PBXFrameworksBuildPhase section */
		414DAF6129AA451400CE8C4A /* Frameworks */ = {
			isa = PBXFrameworksBuildPhase;
			buildActionMask = 2147483647;
			files = (
				4A41CA1E87CB91C0B675B8E6 /* Pods_Gbooks.framework in Frameworks */,
			);
			runOnlyForDeploymentPostprocessing = 0;
		};
/* End PBXFrameworksBuildPhase section */

/* Begin PBXGroup section */
		1180B593E0E9E6E8BC30A6D0 /* Pods */ = {
			isa = PBXGroup;
			children = (
				D17BC7F6B707BBD5CE5B2FAC /* Pods-Gbooks.debug.xcconfig */,
				D13F9BFA00AF0527DFF69171 /* Pods-Gbooks.release.xcconfig */,
			);
			path = Pods;
			sourceTree = "<group>";
		};
		3881695F24FBD76692121C38 /* Frameworks */ = {
			isa = PBXGroup;
			children = (
				0BB66C204CEAFCA169050EEE /* Pods_Gbooks.framework */,
			);
			name = Frameworks;
			sourceTree = "<group>";
		};
		4132CA7E29AB0C5D008F3B28 /* Models */ = {
			isa = PBXGroup;
			children = (
				4132CA8329AB0CC4008F3B28 /* Items.swift */,
				4132CA8529AB0CCC008F3B28 /* BookBaseModel.swift */,
				4132CA7F29AB0C70008F3B28 /* VolumeInfo.swift */,
				4132CA8129AB0CAB008F3B28 /* ImageLinks.swift */,
			);
			path = Models;
			sourceTree = "<group>";
		};
		4132CA8B29AB17A5008F3B28 /* DB */ = {
			isa = PBXGroup;
			children = (
				414DAF7029AA451400CE8C4A /* Gbooks.xcdatamodeld */,
				4132CA8729AB1773008F3B28 /* BookDetail+CoreDataClass.swift */,
				4132CA8829AB1773008F3B28 /* BookDetail+CoreDataProperties.swift */,
			);
			path = DB;
			sourceTree = "<group>";
		};
		414DAF5B29AA451400CE8C4A = {
			isa = PBXGroup;
			children = (
				414DAF6629AA451400CE8C4A /* Gbooks */,
				414DAF6529AA451400CE8C4A /* Products */,
				1180B593E0E9E6E8BC30A6D0 /* Pods */,
				3881695F24FBD76692121C38 /* Frameworks */,
			);
			sourceTree = "<group>";
		};
		414DAF6529AA451400CE8C4A /* Products */ = {
			isa = PBXGroup;
			children = (
				414DAF6429AA451400CE8C4A /* Gbooks.app */,
			);
			name = Products;
			sourceTree = "<group>";
		};
		414DAF6629AA451400CE8C4A /* Gbooks */ = {
			isa = PBXGroup;
			children = (
				4132CA7E29AB0C5D008F3B28 /* Models */,
				414DAF6729AA451400CE8C4A /* AppDelegate.swift */,
				414DAF6929AA451400CE8C4A /* SceneDelegate.swift */,
				414DAF6B29AA451400CE8C4A /* BookListView.swift */,
				414DAF6D29AA451400CE8C4A /* Main.storyboard */,
				414DAF7329AA451800CE8C4A /* Assets.xcassets */,
				414DAF7529AA451800CE8C4A /* LaunchScreen.storyboard */,
				414DAF7829AA451800CE8C4A /* Info.plist */,
				4132CA8B29AB17A5008F3B28 /* DB */,
				4132CA8C29AB1BAF008F3B28 /* BookCell.swift */,
				4167526B29AB405B00786517 /* DictionaryExtension.swift */,
				4132CA8E29AB24F9008F3B28 /* NetworkManager.swift */,
				4167527129AB6B1900786517 /* HtmlAdder.swift */,
				4167526D29AB49EC00786517 /* DBHelper.swift */,
				4167526F29AB648100786517 /* BookDetailVC.swift */,
			);
			path = Gbooks;
			sourceTree = "<group>";
		};
/* End PBXGroup section */

/* Begin PBXNativeTarget section */
		414DAF6329AA451400CE8C4A /* Gbooks */ = {
			isa = PBXNativeTarget;
			buildConfigurationList = 414DAF7B29AA451800CE8C4A /* Build configuration list for PBXNativeTarget "Gbooks" */;
			buildPhases = (
				E398BD53CE1E50A8EA78E7FE /* [CP] Check Pods Manifest.lock */,
				414DAF6029AA451400CE8C4A /* Sources */,
				414DAF6129AA451400CE8C4A /* Frameworks */,
				414DAF6229AA451400CE8C4A /* Resources */,
				F177E76BCDFB5090071D8AD7 /* [CP] Embed Pods Frameworks */,
			);
			buildRules = (
			);
			dependencies = (
			);
			name = Gbooks;
			productName = Gbooks;
			productReference = 414DAF6429AA451400CE8C4A /* Gbooks.app */;
			productType = "com.apple.product-type.application";
		};
/* End PBXNativeTarget section */

/* Begin PBXProject section */
		414DAF5C29AA451400CE8C4A /* Project object */ = {
			isa = PBXProject;
			attributes = {
				BuildIndependentTargetsInParallel = 1;
				LastSwiftUpdateCheck = 1420;
				LastUpgradeCheck = 1420;
				TargetAttributes = {
					414DAF6329AA451400CE8C4A = {
						CreatedOnToolsVersion = 14.2;
					};
				};
			};
			buildConfigurationList = 414DAF5F29AA451400CE8C4A /* Build configuration list for PBXProject "Gbooks" */;
			compatibilityVersion = "Xcode 13.0";
			developmentRegion = en;
			hasScannedForEncodings = 0;
			knownRegions = (
				en,
				Base,
			);
			mainGroup = 414DAF5B29AA451400CE8C4A;
			productRefGroup = 414DAF6529AA451400CE8C4A /* Products */;
			projectDirPath = "";
			projectRoot = "";
			targets = (
				414DAF6329AA451400CE8C4A /* Gbooks */,
			);
		};
/* End PBXProject section */

/* Begin PBXResourcesBuildPhase section */
		414DAF6229AA451400CE8C4A /* Resources */ = {
			isa = PBXResourcesBuildPhase;
			buildActionMask = 2147483647;
			files = (
				414DAF7729AA451800CE8C4A /* LaunchScreen.storyboard in Resources */,
				414DAF7429AA451800CE8C4A /* Assets.xcassets in Resources */,
				414DAF6F29AA451400CE8C4A /* Main.storyboard in Resources */,
			);
			runOnlyForDeploymentPostprocessing = 0;
		};
/* End PBXResourcesBuildPhase section */

/* Begin PBXShellScriptBuildPhase section */
		E398BD53CE1E50A8EA78E7FE /* [CP] Check Pods Manifest.lock */ = {
			isa = PBXShellScriptBuildPhase;
			buildActionMask = 2147483647;
			files = (
			);
			inputFileListPaths = (
			);
			inputPaths = (
				"${PODS_PODFILE_DIR_PATH}/Podfile.lock",
				"${PODS_ROOT}/Manifest.lock",
			);
			name = "[CP] Check Pods Manifest.lock";
			outputFileListPaths = (
			);
			outputPaths = (
				"$(DERIVED_FILE_DIR)/Pods-Gbooks-checkManifestLockResult.txt",
			);
			runOnlyForDeploymentPostprocessing = 0;
			shellPath = /bin/sh;
			shellScript = "diff \"${PODS_PODFILE_DIR_PATH}/Podfile.lock\" \"${PODS_ROOT}/Manifest.lock\" > /dev/null\nif [ $? != 0 ] ; then\n    # print error to STDERR\n    echo \"error: The sandbox is not in sync with the Podfile.lock. Run 'pod install' or update your CocoaPods installation.\" >&2\n    exit 1\nfi\n# This output is used by Xcode 'outputs' to avoid re-running this script phase.\necho \"SUCCESS\" > \"${SCRIPT_OUTPUT_FILE_0}\"\n";
			showEnvVarsInLog = 0;
		};
		F177E76BCDFB5090071D8AD7 /* [CP] Embed Pods Frameworks */ = {
			isa = PBXShellScriptBuildPhase;
			buildActionMask = 2147483647;
			files = (
			);
			inputFileListPaths = (
				"${PODS_ROOT}/Target Support Files/Pods-Gbooks/Pods-Gbooks-frameworks-${CONFIGURATION}-input-files.xcfilelist",
			);
			name = "[CP] Embed Pods Frameworks";
			outputFileListPaths = (
				"${PODS_ROOT}/Target Support Files/Pods-Gbooks/Pods-Gbooks-frameworks-${CONFIGURATION}-output-files.xcfilelist",
			);
			runOnlyForDeploymentPostprocessing = 0;
			shellPath = /bin/sh;
			shellScript = "\"${PODS_ROOT}/Target Support Files/Pods-Gbooks/Pods-Gbooks-frameworks.sh\"\n";
			showEnvVarsInLog = 0;
		};
/* End PBXShellScriptBuildPhase section */

/* Begin PBXSourcesBuildPhase section */
		414DAF6029AA451400CE8C4A /* Sources */ = {
			isa = PBXSourcesBuildPhase;
			buildActionMask = 2147483647;
			files = (
				4132CA8F29AB24F9008F3B28 /* NetworkManager.swift in Sources */,
				414DAF7229AA451400CE8C4A /* Gbooks.xcdatamodeld in Sources */,
				414DAF6C29AA451400CE8C4A /* BookListView.swift in Sources */,
				4167526E29AB49EC00786517 /* DBHelper.swift in Sources */,
				4132CA8D29AB1BAF008F3B28 /* BookCell.swift in Sources */,
				4167526C29AB405B00786517 /* DictionaryExtension.swift in Sources */,
				4132CA8929AB1773008F3B28 /* BookDetail+CoreDataClass.swift in Sources */,
				414DAF6829AA451400CE8C4A /* AppDelegate.swift in Sources */,
				4132CA8229AB0CAB008F3B28 /* ImageLinks.swift in Sources */,
				4132CA8429AB0CC4008F3B28 /* Items.swift in Sources */,
				4132CA8629AB0CCC008F3B28 /* BookBaseModel.swift in Sources */,
				4167527029AB648100786517 /* BookDetailVC.swift in Sources */,
				4132CA8A29AB1773008F3B28 /* BookDetail+CoreDataProperties.swift in Sources */,
				4132CA8029AB0C70008F3B28 /* VolumeInfo.swift in Sources */,
				414DAF6A29AA451400CE8C4A /* SceneDelegate.swift in Sources */,
				4167527229AB6B1900786517 /* HtmlAdder.swift in Sources */,
			);
			runOnlyForDeploymentPostprocessing = 0;
		};
/* End PBXSourcesBuildPhase section */

/* Begin PBXVariantGroup section */
		414DAF6D29AA451400CE8C4A /* Main.storyboard */ = {
			isa = PBXVariantGroup;
			children = (
				414DAF6E29AA451400CE8C4A /* Base */,
			);
			name = Main.storyboard;
			sourceTree = "<group>";
		};
		414DAF7529AA451800CE8C4A /* LaunchScreen.storyboard */ = {
			isa = PBXVariantGroup;
			children = (
				414DAF7629AA451800CE8C4A /* Base */,
			);
			name = LaunchScreen.storyboard;
			sourceTree = "<group>";
		};
/* End PBXVariantGroup section */

/* Begin XCBuildConfiguration section */
		414DAF7929AA451800CE8C4A /* Debug */ = {
			isa = XCBuildConfiguration;
			buildSettings = {
				ALWAYS_SEARCH_USER_PATHS = NO;
				CLANG_ANALYZER_NONNULL = YES;
				CLANG_ANALYZER_NUMBER_OBJECT_CONVERSION = YES_AGGRESSIVE;
				CLANG_CXX_LANGUAGE_STANDARD = "gnu++20";
				CLANG_ENABLE_MODULES = YES;
				CLANG_ENABLE_OBJC_ARC = YES;
				CLANG_ENABLE_OBJC_WEAK = YES;
				CLANG_WARN_BLOCK_CAPTURE_AUTORELEASING = YES;
				CLANG_WARN_BOOL_CONVERSION = YES;
				CLANG_WARN_COMMA = YES;
				CLANG_WARN_CONSTANT_CONVERSION = YES;
				CLANG_WARN_DEPRECATED_OBJC_IMPLEMENTATIONS = YES;
				CLANG_WARN_DIRECT_OBJC_ISA_USAGE = YES_ERROR;
				CLANG_WARN_DOCUMENTATION_COMMENTS = YES;
				CLANG_WARN_EMPTY_BODY = YES;
				CLANG_WARN_ENUM_CONVERSION = YES;
				CLANG_WARN_INFINITE_RECURSION = YES;
				CLANG_WARN_INT_CONVERSION = YES;
				CLANG_WARN_NON_LITERAL_NULL_CONVERSION = YES;
				CLANG_WARN_OBJC_IMPLICIT_RETAIN_SELF = YES;
				CLANG_WARN_OBJC_LITERAL_CONVERSION = YES;
				CLANG_WARN_OBJC_ROOT_CLASS = YES_ERROR;
				CLANG_WARN_QUOTED_INCLUDE_IN_FRAMEWORK_HEADER = YES;
				CLANG_WARN_RANGE_LOOP_ANALYSIS = YES;
				CLANG_WARN_STRICT_PROTOTYPES = YES;
				CLANG_WARN_SUSPICIOUS_MOVE = YES;
				CLANG_WARN_UNGUARDED_AVAILABILITY = YES_AGGRESSIVE;
				CLANG_WARN_UNREACHABLE_CODE = YES;
				CLANG_WARN__DUPLICATE_METHOD_MATCH = YES;
				COPY_PHASE_STRIP = NO;
				DEBUG_INFORMATION_FORMAT = dwarf;
				ENABLE_STRICT_OBJC_MSGSEND = YES;
				ENABLE_TESTABILITY = YES;
				GCC_C_LANGUAGE_STANDARD = gnu11;
				GCC_DYNAMIC_NO_PIC = NO;
				GCC_NO_COMMON_BLOCKS = YES;
				GCC_OPTIMIZATION_LEVEL = 0;
				GCC_PREPROCESSOR_DEFINITIONS = (
					"DEBUG=1",
					"$(inherited)",
				);
				GCC_WARN_64_TO_32_BIT_CONVERSION = YES;
				GCC_WARN_ABOUT_RETURN_TYPE = YES_ERROR;
				GCC_WARN_UNDECLARED_SELECTOR = YES;
				GCC_WARN_UNINITIALIZED_AUTOS = YES_AGGRESSIVE;
				GCC_WARN_UNUSED_FUNCTION = YES;
				GCC_WARN_UNUSED_VARIABLE = YES;
				IPHONEOS_DEPLOYMENT_TARGET = 16.2;
				MTL_ENABLE_DEBUG_INFO = INCLUDE_SOURCE;
				MTL_FAST_MATH = YES;
				ONLY_ACTIVE_ARCH = YES;
				SDKROOT = iphoneos;
				SWIFT_ACTIVE_COMPILATION_CONDITIONS = DEBUG;
				SWIFT_OPTIMIZATION_LEVEL = "-Onone";
			};
			name = Debug;
		};
		414DAF7A29AA451800CE8C4A /* Release */ = {
			isa = XCBuildConfiguration;
			buildSettings = {
				ALWAYS_SEARCH_USER_PATHS = NO;
				CLANG_ANALYZER_NONNULL = YES;
				CLANG_ANALYZER_NUMBER_OBJECT_CONVERSION = YES_AGGRESSIVE;
				CLANG_CXX_LANGUAGE_STANDARD = "gnu++20";
				CLANG_ENABLE_MODULES = YES;
				CLANG_ENABLE_OBJC_ARC = YES;
				CLANG_ENABLE_OBJC_WEAK = YES;
				CLANG_WARN_BLOCK_CAPTURE_AUTORELEASING = YES;
				CLANG_WARN_BOOL_CONVERSION = YES;
				CLANG_WARN_COMMA = YES;
				CLANG_WARN_CONSTANT_CONVERSION = YES;
				CLANG_WARN_DEPRECATED_OBJC_IMPLEMENTATIONS = YES;
				CLANG_WARN_DIRECT_OBJC_ISA_USAGE = YES_ERROR;
				CLANG_WARN_DOCUMENTATION_COMMENTS = YES;
				CLANG_WARN_EMPTY_BODY = YES;
				CLANG_WARN_ENUM_CONVERSION = YES;
				CLANG_WARN_INFINITE_RECURSION = YES;
				CLANG_WARN_INT_CONVERSION = YES;
				CLANG_WARN_NON_LITERAL_NULL_CONVERSION = YES;
				CLANG_WARN_OBJC_IMPLICIT_RETAIN_SELF = YES;
				CLANG_WARN_OBJC_LITERAL_CONVERSION = YES;
				CLANG_WARN_OBJC_ROOT_CLASS = YES_ERROR;
				CLANG_WARN_QUOTED_INCLUDE_IN_FRAMEWORK_HEADER = YES;
				CLANG_WARN_RANGE_LOOP_ANALYSIS = YES;
				CLANG_WARN_STRICT_PROTOTYPES = YES;
				CLANG_WARN_SUSPICIOUS_MOVE = YES;
				CLANG_WARN_UNGUARDED_AVAILABILITY = YES_AGGRESSIVE;
				CLANG_WARN_UNREACHABLE_CODE = YES;
				CLANG_WARN__DUPLICATE_METHOD_MATCH = YES;
				COPY_PHASE_STRIP = NO;
				DEBUG_INFORMATION_FORMAT = "dwarf-with-dsym";
				ENABLE_NS_ASSERTIONS = NO;
				ENABLE_STRICT_OBJC_MSGSEND = YES;
				GCC_C_LANGUAGE_STANDARD = gnu11;
				GCC_NO_COMMON_BLOCKS = YES;
				GCC_WARN_64_TO_32_BIT_CONVERSION = YES;
				GCC_WARN_ABOUT_RETURN_TYPE = YES_ERROR;
				GCC_WARN_UNDECLARED_SELECTOR = YES;
				GCC_WARN_UNINITIALIZED_AUTOS = YES_AGGRESSIVE;
				GCC_WARN_UNUSED_FUNCTION = YES;
				GCC_WARN_UNUSED_VARIABLE = YES;
				IPHONEOS_DEPLOYMENT_TARGET = 16.2;
				MTL_ENABLE_DEBUG_INFO = NO;
				MTL_FAST_MATH = YES;
				SDKROOT = iphoneos;
				SWIFT_COMPILATION_MODE = wholemodule;
				SWIFT_OPTIMIZATION_LEVEL = "-O";
				VALIDATE_PRODUCT = YES;
			};
			name = Release;
		};
		414DAF7C29AA451800CE8C4A /* Debug */ = {
			isa = XCBuildConfiguration;
			baseConfigurationReference = D17BC7F6B707BBD5CE5B2FAC /* Pods-Gbooks.debug.xcconfig */;
			buildSettings = {
				ASSETCATALOG_COMPILER_APPICON_NAME = AppIcon;
				ASSETCATALOG_COMPILER_GLOBAL_ACCENT_COLOR_NAME = AccentColor;
				CODE_SIGN_STYLE = Automatic;
				CURRENT_PROJECT_VERSION = 1;
				GENERATE_INFOPLIST_FILE = YES;
				INFOPLIST_FILE = Gbooks/Info.plist;
				INFOPLIST_KEY_UIApplicationSupportsIndirectInputEvents = YES;
				INFOPLIST_KEY_UILaunchStoryboardName = LaunchScreen;
				INFOPLIST_KEY_UIMainStoryboardFile = Main;
				INFOPLIST_KEY_UISupportedInterfaceOrientations_iPad = "UIInterfaceOrientationPortrait UIInterfaceOrientationPortraitUpsideDown UIInterfaceOrientationLandscapeLeft UIInterfaceOrientationLandscapeRight";
				INFOPLIST_KEY_UISupportedInterfaceOrientations_iPhone = "UIInterfaceOrientationPortrait UIInterfaceOrientationLandscapeLeft UIInterfaceOrientationLandscapeRight";
				LD_RUNPATH_SEARCH_PATHS = (
					"$(inherited)",
					"@executable_path/Frameworks",
				);
				MARKETING_VERSION = 1.0;
				PRODUCT_BUNDLE_IDENTIFIER = com.learn.Gbooks;
				PRODUCT_NAME = "$(TARGET_NAME)";
				SWIFT_EMIT_LOC_STRINGS = YES;
				SWIFT_VERSION = 5.0;
				TARGETED_DEVICE_FAMILY = "1,2";
			};
			name = Debug;
		};
		414DAF7D29AA451800CE8C4A /* Release */ = {
			isa = XCBuildConfiguration;
			baseConfigurationReference = D13F9BFA00AF0527DFF69171 /* Pods-Gbooks.release.xcconfig */;
			buildSettings = {
				ASSETCATALOG_COMPILER_APPICON_NAME = AppIcon;
				ASSETCATALOG_COMPILER_GLOBAL_ACCENT_COLOR_NAME = AccentColor;
				CODE_SIGN_STYLE = Automatic;
				CURRENT_PROJECT_VERSION = 1;
				GENERATE_INFOPLIST_FILE = YES;
				INFOPLIST_FILE = Gbooks/Info.plist;
				INFOPLIST_KEY_UIApplicationSupportsIndirectInputEvents = YES;
				INFOPLIST_KEY_UILaunchStoryboardName = LaunchScreen;
				INFOPLIST_KEY_UIMainStoryboardFile = Main;
				INFOPLIST_KEY_UISupportedInterfaceOrientations_iPad = "UIInterfaceOrientationPortrait UIInterfaceOrientationPortraitUpsideDown UIInterfaceOrientationLandscapeLeft UIInterfaceOrientationLandscapeRight";
				INFOPLIST_KEY_UISupportedInterfaceOrientations_iPhone = "UIInterfaceOrientationPortrait UIInterfaceOrientationLandscapeLeft UIInterfaceOrientationLandscapeRight";
				LD_RUNPATH_SEARCH_PATHS = (
					"$(inherited)",
					"@executable_path/Frameworks",
				);
				MARKETING_VERSION = 1.0;
				PRODUCT_BUNDLE_IDENTIFIER = com.learn.Gbooks;
				PRODUCT_NAME = "$(TARGET_NAME)";
				SWIFT_EMIT_LOC_STRINGS = YES;
				SWIFT_VERSION = 5.0;
				TARGETED_DEVICE_FAMILY = "1,2";
			};
			name = Release;
		};
/* End XCBuildConfiguration section */

/* Begin XCConfigurationList section */
		414DAF5F29AA451400CE8C4A /* Build configuration list for PBXProject "Gbooks" */ = {
			isa = XCConfigurationList;
			buildConfigurations = (
				414DAF7929AA451800CE8C4A /* Debug */,
				414DAF7A29AA451800CE8C4A /* Release */,
			);
			defaultConfigurationIsVisible = 0;
			defaultConfigurationName = Release;
		};
		414DAF7B29AA451800CE8C4A /* Build configuration list for PBXNativeTarget "Gbooks" */ = {
			isa = XCConfigurationList;
			buildConfigurations = (
				414DAF7C29AA451800CE8C4A /* Debug */,
				414DAF7D29AA451800CE8C4A /* Release */,
			);
			defaultConfigurationIsVisible = 0;
			defaultConfigurationName = Release;
		};
/* End XCConfigurationList section */

/* Begin XCVersionGroup section */
		414DAF7029AA451400CE8C4A /* Gbooks.xcdatamodeld */ = {
			isa = XCVersionGroup;
			children = (
				414DAF7129AA451400CE8C4A /* Gbooks.xcdatamodel */,
			);
			currentVersion = 414DAF7129AA451400CE8C4A /* Gbooks.xcdatamodel */;
			path = Gbooks.xcdatamodeld;
			sourceTree = "<group>";
			versionGroupType = wrapper.xcdatamodel;
		};
/* End XCVersionGroup section */
	};
	rootObject = 414DAF5C29AA451400CE8C4A /* Project object */;
}
